// !$*UTF8*$!
{
	archiveVersion = 1;
	classes = {
	};
	objectVersion = 56;
	objects = {

/* Begin PBXBuildFile section */
		76014A0929BDC26400631C87 /* NotificationsModel.swift in Sources */ = {isa = PBXBuildFile; fileRef = 76014A0829BDC26400631C87 /* NotificationsModel.swift */; };
		76014A0B29BDE8AF00631C87 /* SplashViewModel.swift in Sources */ = {isa = PBXBuildFile; fileRef = 76014A0A29BDE8AF00631C87 /* SplashViewModel.swift */; };
		76014A0D29BDE91300631C87 /* SplashView.swift in Sources */ = {isa = PBXBuildFile; fileRef = 76014A0C29BDE91300631C87 /* SplashView.swift */; };
		76014A0F29BDE99800631C87 /* HomeView.swift in Sources */ = {isa = PBXBuildFile; fileRef = 76014A0E29BDE99800631C87 /* HomeView.swift */; };
		7611806B297C412900C47B68 /* StudentsSchedulerApp.swift in Sources */ = {isa = PBXBuildFile; fileRef = 7611806A297C412900C47B68 /* StudentsSchedulerApp.swift */; };
		7611806F297C412B00C47B68 /* Assets.xcassets in Resources */ = {isa = PBXBuildFile; fileRef = 7611806E297C412B00C47B68 /* Assets.xcassets */; };
		76118072297C412B00C47B68 /* Preview Assets.xcassets in Resources */ = {isa = PBXBuildFile; fileRef = 76118071297C412B00C47B68 /* Preview Assets.xcassets */; };
		7611807C297C412C00C47B68 /* StudentsSchedulerTests.swift in Sources */ = {isa = PBXBuildFile; fileRef = 7611807B297C412C00C47B68 /* StudentsSchedulerTests.swift */; };
		76118086297C412C00C47B68 /* StudentsSchedulerUITests.swift in Sources */ = {isa = PBXBuildFile; fileRef = 76118085297C412C00C47B68 /* StudentsSchedulerUITests.swift */; };
		76118088297C412C00C47B68 /* StudentsSchedulerUITestsLaunchTests.swift in Sources */ = {isa = PBXBuildFile; fileRef = 76118087297C412C00C47B68 /* StudentsSchedulerUITestsLaunchTests.swift */; };
		76118098297C46C000C47B68 /* UserModel.swift in Sources */ = {isa = PBXBuildFile; fileRef = 76118097297C46C000C47B68 /* UserModel.swift */; };
		7643187B297D8F4E00D91DC8 /* CourseModel.swift in Sources */ = {isa = PBXBuildFile; fileRef = 7643187A297D8F4E00D91DC8 /* CourseModel.swift */; };
		7643187D297D902E00D91DC8 /* CourseAssetsModel.swift in Sources */ = {isa = PBXBuildFile; fileRef = 7643187C297D902E00D91DC8 /* CourseAssetsModel.swift */; };
		764D475F29E5D55C00466E57 /* CourseCardView.swift in Sources */ = {isa = PBXBuildFile; fileRef = 764D475E29E5D55C00466E57 /* CourseCardView.swift */; };
		764D476129E5D6DE00466E57 /* CourseCardViewModel.swift in Sources */ = {isa = PBXBuildFile; fileRef = 764D476029E5D6DE00466E57 /* CourseCardViewModel.swift */; };
		764D476329E5D81000466E57 /* AddCourseCardView.swift in Sources */ = {isa = PBXBuildFile; fileRef = 764D476229E5D81000466E57 /* AddCourseCardView.swift */; };
		764D476529E5D82000466E57 /* AddCourseCardViewModel.swift in Sources */ = {isa = PBXBuildFile; fileRef = 764D476429E5D82000466E57 /* AddCourseCardViewModel.swift */; };
		764D476729E5E5DE00466E57 /* CalendarView.swift in Sources */ = {isa = PBXBuildFile; fileRef = 764D476629E5E5DE00466E57 /* CalendarView.swift */; };
		764D476929E5E5F800466E57 /* CalendarViewModel.swift in Sources */ = {isa = PBXBuildFile; fileRef = 764D476829E5E5F800466E57 /* CalendarViewModel.swift */; };
		7661F24B2A5063140090B46C /* SignInView.swift in Sources */ = {isa = PBXBuildFile; fileRef = 7661F24A2A5063140090B46C /* SignInView.swift */; };
		7661F24F2A5064E00090B46C /* UserProfileView.swift in Sources */ = {isa = PBXBuildFile; fileRef = 7661F24E2A5064E00090B46C /* UserProfileView.swift */; };
		7661F2572A5086D50090B46C /* StorageService.swift in Sources */ = {isa = PBXBuildFile; fileRef = 7661F2562A5086D50090B46C /* StorageService.swift */; };
		7661F2592A508B4F0090B46C /* LoginView.swift in Sources */ = {isa = PBXBuildFile; fileRef = 7661F2582A508B4F0090B46C /* LoginView.swift */; };
		7661F25B2A55E5CE0090B46C /* UserDataManager.swift in Sources */ = {isa = PBXBuildFile; fileRef = 7661F25A2A55E5CE0090B46C /* UserDataManager.swift */; };
		7668647D29CB730D00C5ECD5 /* TitleView.swift in Sources */ = {isa = PBXBuildFile; fileRef = 7668647C29CB730D00C5ECD5 /* TitleView.swift */; };
		76D8BD0129E3E1D1000E688B /* HomeViewModel.swift in Sources */ = {isa = PBXBuildFile; fileRef = 76D8BD0029E3E1D1000E688B /* HomeViewModel.swift */; };
		76D8BD0329E3E24F000E688B /* UserView.swift in Sources */ = {isa = PBXBuildFile; fileRef = 76D8BD0229E3E24F000E688B /* UserView.swift */; };
		76D8BD0529E3E266000E688B /* UserViewModel.swift in Sources */ = {isa = PBXBuildFile; fileRef = 76D8BD0429E3E266000E688B /* UserViewModel.swift */; };
		76D8BD0729E3E3BE000E688B /* NotificationsViewModel.swift in Sources */ = {isa = PBXBuildFile; fileRef = 76D8BD0629E3E3BE000E688B /* NotificationsViewModel.swift */; };
		76D8BD0B29E3E3F4000E688B /* NotificationsView.swift in Sources */ = {isa = PBXBuildFile; fileRef = 76D8BD0A29E3E3F4000E688B /* NotificationsView.swift */; };
		76F619D129FFBD5B003EF7E6 /* AddCourseViewModel.swift in Sources */ = {isa = PBXBuildFile; fileRef = 76F619D029FFBD5B003EF7E6 /* AddCourseViewModel.swift */; };
		76F619D329FFBD77003EF7E6 /* AddCourseView.swift in Sources */ = {isa = PBXBuildFile; fileRef = 76F619D229FFBD77003EF7E6 /* AddCourseView.swift */; };
/* End PBXBuildFile section */

/* Begin PBXContainerItemProxy section */
		76118078297C412C00C47B68 /* PBXContainerItemProxy */ = {
			isa = PBXContainerItemProxy;
			containerPortal = 7611805F297C412900C47B68 /* Project object */;
			proxyType = 1;
			remoteGlobalIDString = 76118066297C412900C47B68;
			remoteInfo = StudentsScheduler;
		};
		76118082297C412C00C47B68 /* PBXContainerItemProxy */ = {
			isa = PBXContainerItemProxy;
			containerPortal = 7611805F297C412900C47B68 /* Project object */;
			proxyType = 1;
			remoteGlobalIDString = 76118066297C412900C47B68;
			remoteInfo = StudentsScheduler;
		};
/* End PBXContainerItemProxy section */

/* Begin PBXFileReference section */
		76014A0829BDC26400631C87 /* NotificationsModel.swift */ = {isa = PBXFileReference; lastKnownFileType = sourcecode.swift; path = NotificationsModel.swift; sourceTree = "<group>"; };
		76014A0A29BDE8AF00631C87 /* SplashViewModel.swift */ = {isa = PBXFileReference; lastKnownFileType = sourcecode.swift; path = SplashViewModel.swift; sourceTree = "<group>"; };
		76014A0C29BDE91300631C87 /* SplashView.swift */ = {isa = PBXFileReference; lastKnownFileType = sourcecode.swift; path = SplashView.swift; sourceTree = "<group>"; };
		76014A0E29BDE99800631C87 /* HomeView.swift */ = {isa = PBXFileReference; lastKnownFileType = sourcecode.swift; path = HomeView.swift; sourceTree = "<group>"; };
		76118067297C412900C47B68 /* StudentsScheduler.app */ = {isa = PBXFileReference; explicitFileType = wrapper.application; includeInIndex = 0; path = StudentsScheduler.app; sourceTree = BUILT_PRODUCTS_DIR; };
		7611806A297C412900C47B68 /* StudentsSchedulerApp.swift */ = {isa = PBXFileReference; lastKnownFileType = sourcecode.swift; path = StudentsSchedulerApp.swift; sourceTree = "<group>"; };
		7611806E297C412B00C47B68 /* Assets.xcassets */ = {isa = PBXFileReference; lastKnownFileType = folder.assetcatalog; path = Assets.xcassets; sourceTree = "<group>"; };
		76118071297C412B00C47B68 /* Preview Assets.xcassets */ = {isa = PBXFileReference; lastKnownFileType = folder.assetcatalog; path = "Preview Assets.xcassets"; sourceTree = "<group>"; };
		76118077297C412C00C47B68 /* StudentsSchedulerTests.xctest */ = {isa = PBXFileReference; explicitFileType = wrapper.cfbundle; includeInIndex = 0; path = StudentsSchedulerTests.xctest; sourceTree = BUILT_PRODUCTS_DIR; };
		7611807B297C412C00C47B68 /* StudentsSchedulerTests.swift */ = {isa = PBXFileReference; lastKnownFileType = sourcecode.swift; path = StudentsSchedulerTests.swift; sourceTree = "<group>"; };
		76118081297C412C00C47B68 /* StudentsSchedulerUITests.xctest */ = {isa = PBXFileReference; explicitFileType = wrapper.cfbundle; includeInIndex = 0; path = StudentsSchedulerUITests.xctest; sourceTree = BUILT_PRODUCTS_DIR; };
		76118085297C412C00C47B68 /* StudentsSchedulerUITests.swift */ = {isa = PBXFileReference; lastKnownFileType = sourcecode.swift; path = StudentsSchedulerUITests.swift; sourceTree = "<group>"; };
		76118087297C412C00C47B68 /* StudentsSchedulerUITestsLaunchTests.swift */ = {isa = PBXFileReference; lastKnownFileType = sourcecode.swift; path = StudentsSchedulerUITestsLaunchTests.swift; sourceTree = "<group>"; };
		76118097297C46C000C47B68 /* UserModel.swift */ = {isa = PBXFileReference; lastKnownFileType = sourcecode.swift; path = UserModel.swift; sourceTree = "<group>"; };
		7643187A297D8F4E00D91DC8 /* CourseModel.swift */ = {isa = PBXFileReference; lastKnownFileType = sourcecode.swift; path = CourseModel.swift; sourceTree = "<group>"; };
		7643187C297D902E00D91DC8 /* CourseAssetsModel.swift */ = {isa = PBXFileReference; lastKnownFileType = sourcecode.swift; path = CourseAssetsModel.swift; sourceTree = "<group>"; };
		764D475E29E5D55C00466E57 /* CourseCardView.swift */ = {isa = PBXFileReference; lastKnownFileType = sourcecode.swift; path = CourseCardView.swift; sourceTree = "<group>"; };
		764D476029E5D6DE00466E57 /* CourseCardViewModel.swift */ = {isa = PBXFileReference; lastKnownFileType = sourcecode.swift; path = CourseCardViewModel.swift; sourceTree = "<group>"; };
		764D476229E5D81000466E57 /* AddCourseCardView.swift */ = {isa = PBXFileReference; lastKnownFileType = sourcecode.swift; path = AddCourseCardView.swift; sourceTree = "<group>"; };
		764D476429E5D82000466E57 /* AddCourseCardViewModel.swift */ = {isa = PBXFileReference; lastKnownFileType = sourcecode.swift; path = AddCourseCardViewModel.swift; sourceTree = "<group>"; };
		764D476629E5E5DE00466E57 /* CalendarView.swift */ = {isa = PBXFileReference; lastKnownFileType = sourcecode.swift; path = CalendarView.swift; sourceTree = "<group>"; };
		764D476829E5E5F800466E57 /* CalendarViewModel.swift */ = {isa = PBXFileReference; lastKnownFileType = sourcecode.swift; path = CalendarViewModel.swift; sourceTree = "<group>"; };
		7661F24A2A5063140090B46C /* SignInView.swift */ = {isa = PBXFileReference; lastKnownFileType = sourcecode.swift; path = SignInView.swift; sourceTree = "<group>"; };
		7661F24E2A5064E00090B46C /* UserProfileView.swift */ = {isa = PBXFileReference; lastKnownFileType = sourcecode.swift; path = UserProfileView.swift; sourceTree = "<group>"; };
		7661F2562A5086D50090B46C /* StorageService.swift */ = {isa = PBXFileReference; lastKnownFileType = sourcecode.swift; path = StorageService.swift; sourceTree = "<group>"; };
		7661F2582A508B4F0090B46C /* LoginView.swift */ = {isa = PBXFileReference; lastKnownFileType = sourcecode.swift; path = LoginView.swift; sourceTree = "<group>"; };
		7661F25A2A55E5CE0090B46C /* UserDataManager.swift */ = {isa = PBXFileReference; lastKnownFileType = sourcecode.swift; path = UserDataManager.swift; sourceTree = "<group>"; };
		7668647C29CB730D00C5ECD5 /* TitleView.swift */ = {isa = PBXFileReference; lastKnownFileType = sourcecode.swift; path = TitleView.swift; sourceTree = "<group>"; };
		76D8BD0029E3E1D1000E688B /* HomeViewModel.swift */ = {isa = PBXFileReference; lastKnownFileType = sourcecode.swift; path = HomeViewModel.swift; sourceTree = "<group>"; };
		76D8BD0229E3E24F000E688B /* UserView.swift */ = {isa = PBXFileReference; lastKnownFileType = sourcecode.swift; path = UserView.swift; sourceTree = "<group>"; };
		76D8BD0429E3E266000E688B /* UserViewModel.swift */ = {isa = PBXFileReference; lastKnownFileType = sourcecode.swift; path = UserViewModel.swift; sourceTree = "<group>"; };
		76D8BD0629E3E3BE000E688B /* NotificationsViewModel.swift */ = {isa = PBXFileReference; lastKnownFileType = sourcecode.swift; path = NotificationsViewModel.swift; sourceTree = "<group>"; };
		76D8BD0A29E3E3F4000E688B /* NotificationsView.swift */ = {isa = PBXFileReference; lastKnownFileType = sourcecode.swift; path = NotificationsView.swift; sourceTree = "<group>"; };
		76F619D029FFBD5B003EF7E6 /* AddCourseViewModel.swift */ = {isa = PBXFileReference; lastKnownFileType = sourcecode.swift; path = AddCourseViewModel.swift; sourceTree = "<group>"; };
		76F619D229FFBD77003EF7E6 /* AddCourseView.swift */ = {isa = PBXFileReference; lastKnownFileType = sourcecode.swift; path = AddCourseView.swift; sourceTree = "<group>"; };
/* End PBXFileReference section */

/* Begin PBXFrameworksBuildPhase section */
		76118064297C412900C47B68 /* Frameworks */ = {
			isa = PBXFrameworksBuildPhase;
			buildActionMask = 2147483647;
			files = (
			);
			runOnlyForDeploymentPostprocessing = 0;
		};
		76118074297C412C00C47B68 /* Frameworks */ = {
			isa = PBXFrameworksBuildPhase;
			buildActionMask = 2147483647;
			files = (
			);
			runOnlyForDeploymentPostprocessing = 0;
		};
		7611807E297C412C00C47B68 /* Frameworks */ = {
			isa = PBXFrameworksBuildPhase;
			buildActionMask = 2147483647;
			files = (
			);
			runOnlyForDeploymentPostprocessing = 0;
		};
/* End PBXFrameworksBuildPhase section */

/* Begin PBXGroup section */
		7611805E297C412900C47B68 = {
			isa = PBXGroup;
			children = (
				76118069297C412900C47B68 /* StudentsScheduler */,
				7611807A297C412C00C47B68 /* StudentsSchedulerTests */,
				76118084297C412C00C47B68 /* StudentsSchedulerUITests */,
				76118068297C412900C47B68 /* Products */,
			);
			sourceTree = "<group>";
		};
		76118068297C412900C47B68 /* Products */ = {
			isa = PBXGroup;
			children = (
				76118067297C412900C47B68 /* StudentsScheduler.app */,
				76118077297C412C00C47B68 /* StudentsSchedulerTests.xctest */,
				76118081297C412C00C47B68 /* StudentsSchedulerUITests.xctest */,
			);
			name = Products;
			sourceTree = "<group>";
		};
		76118069297C412900C47B68 /* StudentsScheduler */ = {
			isa = PBXGroup;
			children = (
				7661F2552A5086C70090B46C /* Storage */,
				76118096297C426700C47B68 /* ViewModels */,
				76118095297C426100C47B68 /* Views */,
				76118094297C425800C47B68 /* Models */,
				7611806A297C412900C47B68 /* StudentsSchedulerApp.swift */,
				7611806E297C412B00C47B68 /* Assets.xcassets */,
				76118070297C412B00C47B68 /* Preview Content */,
			);
			path = StudentsScheduler;
			sourceTree = "<group>";
		};
		76118070297C412B00C47B68 /* Preview Content */ = {
			isa = PBXGroup;
			children = (
				76118071297C412B00C47B68 /* Preview Assets.xcassets */,
			);
			path = "Preview Content";
			sourceTree = "<group>";
		};
		7611807A297C412C00C47B68 /* StudentsSchedulerTests */ = {
			isa = PBXGroup;
			children = (
				7611807B297C412C00C47B68 /* StudentsSchedulerTests.swift */,
			);
			path = StudentsSchedulerTests;
			sourceTree = "<group>";
		};
		76118084297C412C00C47B68 /* StudentsSchedulerUITests */ = {
			isa = PBXGroup;
			children = (
				76118085297C412C00C47B68 /* StudentsSchedulerUITests.swift */,
				76118087297C412C00C47B68 /* StudentsSchedulerUITestsLaunchTests.swift */,
			);
			path = StudentsSchedulerUITests;
			sourceTree = "<group>";
		};
		76118094297C425800C47B68 /* Models */ = {
			isa = PBXGroup;
			children = (
				76118097297C46C000C47B68 /* UserModel.swift */,
				7643187A297D8F4E00D91DC8 /* CourseModel.swift */,
				7643187C297D902E00D91DC8 /* CourseAssetsModel.swift */,
				76014A0829BDC26400631C87 /* NotificationsModel.swift */,
			);
			path = Models;
			sourceTree = "<group>";
		};
		76118095297C426100C47B68 /* Views */ = {
			isa = PBXGroup;
			children = (
				76014A0C29BDE91300631C87 /* SplashView.swift */,
				76014A0E29BDE99800631C87 /* HomeView.swift */,
				7668647C29CB730D00C5ECD5 /* TitleView.swift */,
				76D8BD0229E3E24F000E688B /* UserView.swift */,
				76D8BD0A29E3E3F4000E688B /* NotificationsView.swift */,
				764D475E29E5D55C00466E57 /* CourseCardView.swift */,
				764D476229E5D81000466E57 /* AddCourseCardView.swift */,
				764D476629E5E5DE00466E57 /* CalendarView.swift */,
				76F619D229FFBD77003EF7E6 /* AddCourseView.swift */,
				7661F24A2A5063140090B46C /* SignInView.swift */,
				7661F24E2A5064E00090B46C /* UserProfileView.swift */,
				7661F2582A508B4F0090B46C /* LoginView.swift */,
			);
			path = Views;
			sourceTree = "<group>";
		};
		76118096297C426700C47B68 /* ViewModels */ = {
			isa = PBXGroup;
			children = (
				76014A0A29BDE8AF00631C87 /* SplashViewModel.swift */,
				76D8BD0029E3E1D1000E688B /* HomeViewModel.swift */,
				76D8BD0429E3E266000E688B /* UserViewModel.swift */,
				76D8BD0629E3E3BE000E688B /* NotificationsViewModel.swift */,
				764D476029E5D6DE00466E57 /* CourseCardViewModel.swift */,
				764D476429E5D82000466E57 /* AddCourseCardViewModel.swift */,
				764D476829E5E5F800466E57 /* CalendarViewModel.swift */,
				76F619D029FFBD5B003EF7E6 /* AddCourseViewModel.swift */,
			);
			path = ViewModels;
			sourceTree = "<group>";
		};
		7661F2552A5086C70090B46C /* Storage */ = {
			isa = PBXGroup;
			children = (
				7661F2562A5086D50090B46C /* StorageService.swift */,
				7661F25A2A55E5CE0090B46C /* UserDataManager.swift */,
			);
			path = Storage;
			sourceTree = "<group>";
		};
/* End PBXGroup section */

/* Begin PBXNativeTarget section */
		76118066297C412900C47B68 /* StudentsScheduler */ = {
			isa = PBXNativeTarget;
			buildConfigurationList = 7611808B297C412C00C47B68 /* Build configuration list for PBXNativeTarget "StudentsScheduler" */;
			buildPhases = (
				76118063297C412900C47B68 /* Sources */,
				76118064297C412900C47B68 /* Frameworks */,
				76118065297C412900C47B68 /* Resources */,
			);
			buildRules = (
			);
			dependencies = (
			);
			name = StudentsScheduler;
			productName = StudentsScheduler;
			productReference = 76118067297C412900C47B68 /* StudentsScheduler.app */;
			productType = "com.apple.product-type.application";
		};
		76118076297C412C00C47B68 /* StudentsSchedulerTests */ = {
			isa = PBXNativeTarget;
			buildConfigurationList = 7611808E297C412C00C47B68 /* Build configuration list for PBXNativeTarget "StudentsSchedulerTests" */;
			buildPhases = (
				76118073297C412C00C47B68 /* Sources */,
				76118074297C412C00C47B68 /* Frameworks */,
				76118075297C412C00C47B68 /* Resources */,
			);
			buildRules = (
			);
			dependencies = (
				76118079297C412C00C47B68 /* PBXTargetDependency */,
			);
			name = StudentsSchedulerTests;
			productName = StudentsSchedulerTests;
			productReference = 76118077297C412C00C47B68 /* StudentsSchedulerTests.xctest */;
			productType = "com.apple.product-type.bundle.unit-test";
		};
		76118080297C412C00C47B68 /* StudentsSchedulerUITests */ = {
			isa = PBXNativeTarget;
			buildConfigurationList = 76118091297C412C00C47B68 /* Build configuration list for PBXNativeTarget "StudentsSchedulerUITests" */;
			buildPhases = (
				7611807D297C412C00C47B68 /* Sources */,
				7611807E297C412C00C47B68 /* Frameworks */,
				7611807F297C412C00C47B68 /* Resources */,
			);
			buildRules = (
			);
			dependencies = (
				76118083297C412C00C47B68 /* PBXTargetDependency */,
			);
			name = StudentsSchedulerUITests;
			productName = StudentsSchedulerUITests;
			productReference = 76118081297C412C00C47B68 /* StudentsSchedulerUITests.xctest */;
			productType = "com.apple.product-type.bundle.ui-testing";
		};
/* End PBXNativeTarget section */

/* Begin PBXProject section */
		7611805F297C412900C47B68 /* Project object */ = {
			isa = PBXProject;
			attributes = {
				BuildIndependentTargetsInParallel = 1;
				LastSwiftUpdateCheck = 1400;
				LastUpgradeCheck = 1400;
				TargetAttributes = {
					76118066297C412900C47B68 = {
						CreatedOnToolsVersion = 14.0;
					};
					76118076297C412C00C47B68 = {
						CreatedOnToolsVersion = 14.0;
						TestTargetID = 76118066297C412900C47B68;
					};
					76118080297C412C00C47B68 = {
						CreatedOnToolsVersion = 14.0;
						TestTargetID = 76118066297C412900C47B68;
					};
				};
			};
			buildConfigurationList = 76118062297C412900C47B68 /* Build configuration list for PBXProject "StudentsScheduler" */;
			compatibilityVersion = "Xcode 14.0";
			developmentRegion = en;
			hasScannedForEncodings = 0;
			knownRegions = (
				en,
				Base,
			);
			mainGroup = 7611805E297C412900C47B68;
			productRefGroup = 76118068297C412900C47B68 /* Products */;
			projectDirPath = "";
			projectRoot = "";
			targets = (
				76118066297C412900C47B68 /* StudentsScheduler */,
				76118076297C412C00C47B68 /* StudentsSchedulerTests */,
				76118080297C412C00C47B68 /* StudentsSchedulerUITests */,
			);
		};
/* End PBXProject section */

/* Begin PBXResourcesBuildPhase section */
		76118065297C412900C47B68 /* Resources */ = {
			isa = PBXResourcesBuildPhase;
			buildActionMask = 2147483647;
			files = (
				76118072297C412B00C47B68 /* Preview Assets.xcassets in Resources */,
				7611806F297C412B00C47B68 /* Assets.xcassets in Resources */,
			);
			runOnlyForDeploymentPostprocessing = 0;
		};
		76118075297C412C00C47B68 /* Resources */ = {
			isa = PBXResourcesBuildPhase;
			buildActionMask = 2147483647;
			files = (
			);
			runOnlyForDeploymentPostprocessing = 0;
		};
		7611807F297C412C00C47B68 /* Resources */ = {
			isa = PBXResourcesBuildPhase;
			buildActionMask = 2147483647;
			files = (
			);
			runOnlyForDeploymentPostprocessing = 0;
		};
/* End PBXResourcesBuildPhase section */

/* Begin PBXSourcesBuildPhase section */
		76118063297C412900C47B68 /* Sources */ = {
			isa = PBXSourcesBuildPhase;
			buildActionMask = 2147483647;
			files = (
				7643187D297D902E00D91DC8 /* CourseAssetsModel.swift in Sources */,
				76F619D329FFBD77003EF7E6 /* AddCourseView.swift in Sources */,
				7661F25B2A55E5CE0090B46C /* UserDataManager.swift in Sources */,
				76D8BD0129E3E1D1000E688B /* HomeViewModel.swift in Sources */,
				7643187B297D8F4E00D91DC8 /* CourseModel.swift in Sources */,
				76014A0929BDC26400631C87 /* NotificationsModel.swift in Sources */,
				764D476929E5E5F800466E57 /* CalendarViewModel.swift in Sources */,
				76014A0B29BDE8AF00631C87 /* SplashViewModel.swift in Sources */,
				76118098297C46C000C47B68 /* UserModel.swift in Sources */,
				7668647D29CB730D00C5ECD5 /* TitleView.swift in Sources */,
				76F619D129FFBD5B003EF7E6 /* AddCourseViewModel.swift in Sources */,
				7661F2592A508B4F0090B46C /* LoginView.swift in Sources */,
				7661F2572A5086D50090B46C /* StorageService.swift in Sources */,
				764D476529E5D82000466E57 /* AddCourseCardViewModel.swift in Sources */,
				76D8BD0729E3E3BE000E688B /* NotificationsViewModel.swift in Sources */,
				76D8BD0329E3E24F000E688B /* UserView.swift in Sources */,
				76014A0F29BDE99800631C87 /* HomeView.swift in Sources */,
				76D8BD0529E3E266000E688B /* UserViewModel.swift in Sources */,
				7661F24B2A5063140090B46C /* SignInView.swift in Sources */,
				764D476729E5E5DE00466E57 /* CalendarView.swift in Sources */,
				764D476129E5D6DE00466E57 /* CourseCardViewModel.swift in Sources */,
				764D476329E5D81000466E57 /* AddCourseCardView.swift in Sources */,
				7661F24F2A5064E00090B46C /* UserProfileView.swift in Sources */,
				764D475F29E5D55C00466E57 /* CourseCardView.swift in Sources */,
				76D8BD0B29E3E3F4000E688B /* NotificationsView.swift in Sources */,
				7611806B297C412900C47B68 /* StudentsSchedulerApp.swift in Sources */,
				76014A0D29BDE91300631C87 /* SplashView.swift in Sources */,
			);
			runOnlyForDeploymentPostprocessing = 0;
		};
		76118073297C412C00C47B68 /* Sources */ = {
			isa = PBXSourcesBuildPhase;
			buildActionMask = 2147483647;
			files = (
				7611807C297C412C00C47B68 /* StudentsSchedulerTests.swift in Sources */,
			);
			runOnlyForDeploymentPostprocessing = 0;
		};
		7611807D297C412C00C47B68 /* Sources */ = {
			isa = PBXSourcesBuildPhase;
			buildActionMask = 2147483647;
			files = (
				76118088297C412C00C47B68 /* StudentsSchedulerUITestsLaunchTests.swift in Sources */,
				76118086297C412C00C47B68 /* StudentsSchedulerUITests.swift in Sources */,
			);
			runOnlyForDeploymentPostprocessing = 0;
		};
/* End PBXSourcesBuildPhase section */

/* Begin PBXTargetDependency section */
		76118079297C412C00C47B68 /* PBXTargetDependency */ = {
			isa = PBXTargetDependency;
			target = 76118066297C412900C47B68 /* StudentsScheduler */;
			targetProxy = 76118078297C412C00C47B68 /* PBXContainerItemProxy */;
		};
		76118083297C412C00C47B68 /* PBXTargetDependency */ = {
			isa = PBXTargetDependency;
			target = 76118066297C412900C47B68 /* StudentsScheduler */;
			targetProxy = 76118082297C412C00C47B68 /* PBXContainerItemProxy */;
		};
/* End PBXTargetDependency section */

/* Begin XCBuildConfiguration section */
		76118089297C412C00C47B68 /* Debug */ = {
			isa = XCBuildConfiguration;
			buildSettings = {
				ALWAYS_SEARCH_USER_PATHS = NO;
				CLANG_ANALYZER_NONNULL = YES;
				CLANG_ANALYZER_NUMBER_OBJECT_CONVERSION = YES_AGGRESSIVE;
				CLANG_CXX_LANGUAGE_STANDARD = "gnu++20";
				CLANG_ENABLE_MODULES = YES;
				CLANG_ENABLE_OBJC_ARC = YES;
				CLANG_ENABLE_OBJC_WEAK = YES;
				CLANG_WARN_BLOCK_CAPTURE_AUTORELEASING = YES;
				CLANG_WARN_BOOL_CONVERSION = YES;
				CLANG_WARN_COMMA = YES;
				CLANG_WARN_CONSTANT_CONVERSION = YES;
				CLANG_WARN_DEPRECATED_OBJC_IMPLEMENTATIONS = YES;
				CLANG_WARN_DIRECT_OBJC_ISA_USAGE = YES_ERROR;
				CLANG_WARN_DOCUMENTATION_COMMENTS = YES;
				CLANG_WARN_EMPTY_BODY = YES;
				CLANG_WARN_ENUM_CONVERSION = YES;
				CLANG_WARN_INFINITE_RECURSION = YES;
				CLANG_WARN_INT_CONVERSION = YES;
				CLANG_WARN_NON_LITERAL_NULL_CONVERSION = YES;
				CLANG_WARN_OBJC_IMPLICIT_RETAIN_SELF = YES;
				CLANG_WARN_OBJC_LITERAL_CONVERSION = YES;
				CLANG_WARN_OBJC_ROOT_CLASS = YES_ERROR;
				CLANG_WARN_QUOTED_INCLUDE_IN_FRAMEWORK_HEADER = YES;
				CLANG_WARN_RANGE_LOOP_ANALYSIS = YES;
				CLANG_WARN_STRICT_PROTOTYPES = YES;
				CLANG_WARN_SUSPICIOUS_MOVE = YES;
				CLANG_WARN_UNGUARDED_AVAILABILITY = YES_AGGRESSIVE;
				CLANG_WARN_UNREACHABLE_CODE = YES;
				CLANG_WARN__DUPLICATE_METHOD_MATCH = YES;
				COPY_PHASE_STRIP = NO;
				DEBUG_INFORMATION_FORMAT = dwarf;
				ENABLE_STRICT_OBJC_MSGSEND = YES;
				ENABLE_TESTABILITY = YES;
				GCC_C_LANGUAGE_STANDARD = gnu11;
				GCC_DYNAMIC_NO_PIC = NO;
				GCC_NO_COMMON_BLOCKS = YES;
				GCC_OPTIMIZATION_LEVEL = 0;
				GCC_PREPROCESSOR_DEFINITIONS = (
					"DEBUG=1",
					"$(inherited)",
				);
				GCC_WARN_64_TO_32_BIT_CONVERSION = YES;
				GCC_WARN_ABOUT_RETURN_TYPE = YES_ERROR;
				GCC_WARN_UNDECLARED_SELECTOR = YES;
				GCC_WARN_UNINITIALIZED_AUTOS = YES_AGGRESSIVE;
				GCC_WARN_UNUSED_FUNCTION = YES;
				GCC_WARN_UNUSED_VARIABLE = YES;
				IPHONEOS_DEPLOYMENT_TARGET = 16.0;
				MTL_ENABLE_DEBUG_INFO = INCLUDE_SOURCE;
				MTL_FAST_MATH = YES;
				ONLY_ACTIVE_ARCH = YES;
				SDKROOT = iphoneos;
				SWIFT_ACTIVE_COMPILATION_CONDITIONS = DEBUG;
				SWIFT_OPTIMIZATION_LEVEL = "-Onone";
			};
			name = Debug;
		};
		7611808A297C412C00C47B68 /* Release */ = {
			isa = XCBuildConfiguration;
			buildSettings = {
				ALWAYS_SEARCH_USER_PATHS = NO;
				CLANG_ANALYZER_NONNULL = YES;
				CLANG_ANALYZER_NUMBER_OBJECT_CONVERSION = YES_AGGRESSIVE;
				CLANG_CXX_LANGUAGE_STANDARD = "gnu++20";
				CLANG_ENABLE_MODULES = YES;
				CLANG_ENABLE_OBJC_ARC = YES;
				CLANG_ENABLE_OBJC_WEAK = YES;
				CLANG_WARN_BLOCK_CAPTURE_AUTORELEASING = YES;
				CLANG_WARN_BOOL_CONVERSION = YES;
				CLANG_WARN_COMMA = YES;
				CLANG_WARN_CONSTANT_CONVERSION = YES;
				CLANG_WARN_DEPRECATED_OBJC_IMPLEMENTATIONS = YES;
				CLANG_WARN_DIRECT_OBJC_ISA_USAGE = YES_ERROR;
				CLANG_WARN_DOCUMENTATION_COMMENTS = YES;
				CLANG_WARN_EMPTY_BODY = YES;
				CLANG_WARN_ENUM_CONVERSION = YES;
				CLANG_WARN_INFINITE_RECURSION = YES;
				CLANG_WARN_INT_CONVERSION = YES;
				CLANG_WARN_NON_LITERAL_NULL_CONVERSION = YES;
				CLANG_WARN_OBJC_IMPLICIT_RETAIN_SELF = YES;
				CLANG_WARN_OBJC_LITERAL_CONVERSION = YES;
				CLANG_WARN_OBJC_ROOT_CLASS = YES_ERROR;
				CLANG_WARN_QUOTED_INCLUDE_IN_FRAMEWORK_HEADER = YES;
				CLANG_WARN_RANGE_LOOP_ANALYSIS = YES;
				CLANG_WARN_STRICT_PROTOTYPES = YES;
				CLANG_WARN_SUSPICIOUS_MOVE = YES;
				CLANG_WARN_UNGUARDED_AVAILABILITY = YES_AGGRESSIVE;
				CLANG_WARN_UNREACHABLE_CODE = YES;
				CLANG_WARN__DUPLICATE_METHOD_MATCH = YES;
				COPY_PHASE_STRIP = NO;
				DEBUG_INFORMATION_FORMAT = "dwarf-with-dsym";
				ENABLE_NS_ASSERTIONS = NO;
				ENABLE_STRICT_OBJC_MSGSEND = YES;
				GCC_C_LANGUAGE_STANDARD = gnu11;
				GCC_NO_COMMON_BLOCKS = YES;
				GCC_WARN_64_TO_32_BIT_CONVERSION = YES;
				GCC_WARN_ABOUT_RETURN_TYPE = YES_ERROR;
				GCC_WARN_UNDECLARED_SELECTOR = YES;
				GCC_WARN_UNINITIALIZED_AUTOS = YES_AGGRESSIVE;
				GCC_WARN_UNUSED_FUNCTION = YES;
				GCC_WARN_UNUSED_VARIABLE = YES;
				IPHONEOS_DEPLOYMENT_TARGET = 16.0;
				MTL_ENABLE_DEBUG_INFO = NO;
				MTL_FAST_MATH = YES;
				SDKROOT = iphoneos;
				SWIFT_COMPILATION_MODE = wholemodule;
				SWIFT_OPTIMIZATION_LEVEL = "-O";
				VALIDATE_PRODUCT = YES;
			};
			name = Release;
		};
		7611808C297C412C00C47B68 /* Debug */ = {
			isa = XCBuildConfiguration;
			buildSettings = {
				ASSETCATALOG_COMPILER_APPICON_NAME = AppIcon;
				ASSETCATALOG_COMPILER_GLOBAL_ACCENT_COLOR_NAME = AccentColor;
				CODE_SIGN_STYLE = Automatic;
				CURRENT_PROJECT_VERSION = 1;
				DEVELOPMENT_ASSET_PATHS = "\"StudentsScheduler/Preview Content\"";
				ENABLE_PREVIEWS = YES;
				GENERATE_INFOPLIST_FILE = YES;
				INFOPLIST_KEY_UIApplicationSceneManifest_Generation = YES;
				INFOPLIST_KEY_UIApplicationSupportsIndirectInputEvents = YES;
				INFOPLIST_KEY_UILaunchScreen_Generation = YES;
				INFOPLIST_KEY_UISupportedInterfaceOrientations_iPad = "UIInterfaceOrientationPortrait UIInterfaceOrientationPortraitUpsideDown UIInterfaceOrientationLandscapeLeft UIInterfaceOrientationLandscapeRight";
				INFOPLIST_KEY_UISupportedInterfaceOrientations_iPhone = "UIInterfaceOrientationPortrait UIInterfaceOrientationLandscapeLeft UIInterfaceOrientationLandscapeRight";
				LD_RUNPATH_SEARCH_PATHS = (
					"$(inherited)",
					"@executable_path/Frameworks",
				);
				MARKETING_VERSION = 1.0;
				PRODUCT_BUNDLE_IDENTIFIER = com.licenta.StudentsScheduler;
				PRODUCT_NAME = "$(TARGET_NAME)";
				SWIFT_EMIT_LOC_STRINGS = YES;
				SWIFT_VERSION = 5.0;
				TARGETED_DEVICE_FAMILY = "1,2";
			};
			name = Debug;
		};
		7611808D297C412C00C47B68 /* Release */ = {
			isa = XCBuildConfiguration;
			buildSettings = {
				ASSETCATALOG_COMPILER_APPICON_NAME = AppIcon;
				ASSETCATALOG_COMPILER_GLOBAL_ACCENT_COLOR_NAME = AccentColor;
				CODE_SIGN_STYLE = Automatic;
				CURRENT_PROJECT_VERSION = 1;
				DEVELOPMENT_ASSET_PATHS = "\"StudentsScheduler/Preview Content\"";
				ENABLE_PREVIEWS = YES;
				GENERATE_INFOPLIST_FILE = YES;
				INFOPLIST_KEY_UIApplicationSceneManifest_Generation = YES;
				INFOPLIST_KEY_UIApplicationSupportsIndirectInputEvents = YES;
				INFOPLIST_KEY_UILaunchScreen_Generation = YES;
				INFOPLIST_KEY_UISupportedInterfaceOrientations_iPad = "UIInterfaceOrientationPortrait UIInterfaceOrientationPortraitUpsideDown UIInterfaceOrientationLandscapeLeft UIInterfaceOrientationLandscapeRight";
				INFOPLIST_KEY_UISupportedInterfaceOrientations_iPhone = "UIInterfaceOrientationPortrait UIInterfaceOrientationLandscapeLeft UIInterfaceOrientationLandscapeRight";
				LD_RUNPATH_SEARCH_PATHS = (
					"$(inherited)",
					"@executable_path/Frameworks",
				);
				MARKETING_VERSION = 1.0;
				PRODUCT_BUNDLE_IDENTIFIER = com.licenta.StudentsScheduler;
				PRODUCT_NAME = "$(TARGET_NAME)";
				SWIFT_EMIT_LOC_STRINGS = YES;
				SWIFT_VERSION = 5.0;
				TARGETED_DEVICE_FAMILY = "1,2";
			};
			name = Release;
		};
		7611808F297C412C00C47B68 /* Debug */ = {
			isa = XCBuildConfiguration;
			buildSettings = {
				ALWAYS_EMBED_SWIFT_STANDARD_LIBRARIES = YES;
				BUNDLE_LOADER = "$(TEST_HOST)";
				CODE_SIGN_STYLE = Automatic;
				CURRENT_PROJECT_VERSION = 1;
				GENERATE_INFOPLIST_FILE = YES;
				IPHONEOS_DEPLOYMENT_TARGET = 16.0;
				MARKETING_VERSION = 1.0;
				PRODUCT_BUNDLE_IDENTIFIER = com.licenta.StudentsSchedulerTests;
				PRODUCT_NAME = "$(TARGET_NAME)";
				SWIFT_EMIT_LOC_STRINGS = NO;
				SWIFT_VERSION = 5.0;
				TARGETED_DEVICE_FAMILY = "1,2";
				TEST_HOST = "$(BUILT_PRODUCTS_DIR)/StudentsScheduler.app/$(BUNDLE_EXECUTABLE_FOLDER_PATH)/StudentsScheduler";
			};
			name = Debug;
		};
		76118090297C412C00C47B68 /* Release */ = {
			isa = XCBuildConfiguration;
			buildSettings = {
				ALWAYS_EMBED_SWIFT_STANDARD_LIBRARIES = YES;
				BUNDLE_LOADER = "$(TEST_HOST)";
				CODE_SIGN_STYLE = Automatic;
				CURRENT_PROJECT_VERSION = 1;
				GENERATE_INFOPLIST_FILE = YES;
				IPHONEOS_DEPLOYMENT_TARGET = 16.0;
				MARKETING_VERSION = 1.0;
				PRODUCT_BUNDLE_IDENTIFIER = com.licenta.StudentsSchedulerTests;
				PRODUCT_NAME = "$(TARGET_NAME)";
				SWIFT_EMIT_LOC_STRINGS = NO;
				SWIFT_VERSION = 5.0;
				TARGETED_DEVICE_FAMILY = "1,2";
				TEST_HOST = "$(BUILT_PRODUCTS_DIR)/StudentsScheduler.app/$(BUNDLE_EXECUTABLE_FOLDER_PATH)/StudentsScheduler";
			};
			name = Release;
		};
		76118092297C412C00C47B68 /* Debug */ = {
			isa = XCBuildConfiguration;
			buildSettings = {
				ALWAYS_EMBED_SWIFT_STANDARD_LIBRARIES = YES;
				CODE_SIGN_STYLE = Automatic;
				CURRENT_PROJECT_VERSION = 1;
				GENERATE_INFOPLIST_FILE = YES;
				MARKETING_VERSION = 1.0;
				PRODUCT_BUNDLE_IDENTIFIER = com.licenta.StudentsSchedulerUITests;
				PRODUCT_NAME = "$(TARGET_NAME)";
				SWIFT_EMIT_LOC_STRINGS = NO;
				SWIFT_VERSION = 5.0;
				TARGETED_DEVICE_FAMILY = "1,2";
				TEST_TARGET_NAME = StudentsScheduler;
			};
			name = Debug;
		};
		76118093297C412C00C47B68 /* Release */ = {
			isa = XCBuildConfiguration;
			buildSettings = {
				ALWAYS_EMBED_SWIFT_STANDARD_LIBRARIES = YES;
				CODE_SIGN_STYLE = Automatic;
				CURRENT_PROJECT_VERSION = 1;
				GENERATE_INFOPLIST_FILE = YES;
				MARKETING_VERSION = 1.0;
				PRODUCT_BUNDLE_IDENTIFIER = com.licenta.StudentsSchedulerUITests;
				PRODUCT_NAME = "$(TARGET_NAME)";
				SWIFT_EMIT_LOC_STRINGS = NO;
				SWIFT_VERSION = 5.0;
				TARGETED_DEVICE_FAMILY = "1,2";
				TEST_TARGET_NAME = StudentsScheduler;
			};
			name = Release;
		};
/* End XCBuildConfiguration section */

/* Begin XCConfigurationList section */
		76118062297C412900C47B68 /* Build configuration list for PBXProject "StudentsScheduler" */ = {
			isa = XCConfigurationList;
			buildConfigurations = (
				76118089297C412C00C47B68 /* Debug */,
				7611808A297C412C00C47B68 /* Release */,
			);
			defaultConfigurationIsVisible = 0;
			defaultConfigurationName = Release;
		};
		7611808B297C412C00C47B68 /* Build configuration list for PBXNativeTarget "StudentsScheduler" */ = {
			isa = XCConfigurationList;
			buildConfigurations = (
				7611808C297C412C00C47B68 /* Debug */,
				7611808D297C412C00C47B68 /* Release */,
			);
			defaultConfigurationIsVisible = 0;
			defaultConfigurationName = Release;
		};
		7611808E297C412C00C47B68 /* Build configuration list for PBXNativeTarget "StudentsSchedulerTests" */ = {
			isa = XCConfigurationList;
			buildConfigurations = (
				7611808F297C412C00C47B68 /* Debug */,
				76118090297C412C00C47B68 /* Release */,
			);
			defaultConfigurationIsVisible = 0;
			defaultConfigurationName = Release;
		};
		76118091297C412C00C47B68 /* Build configuration list for PBXNativeTarget "StudentsSchedulerUITests" */ = {
			isa = XCConfigurationList;
			buildConfigurations = (
				76118092297C412C00C47B68 /* Debug */,
				76118093297C412C00C47B68 /* Release */,
			);
			defaultConfigurationIsVisible = 0;
			defaultConfigurationName = Release;
		};
/* End XCConfigurationList section */
	};
	rootObject = 7611805F297C412900C47B68 /* Project object */;
}
