// !$*UTF8*$!
{
	archiveVersion = 1;
	classes = {
	};
	objectVersion = 56;
	objects = {

/* Begin PBXBuildFile section */
		76014A0929BDC26400631C87 /* NotificationsModel.swift in Sources */ = {isa = PBXBuildFile; fileRef = 76014A0829BDC26400631C87 /* NotificationsModel.swift */; };
		7611806B297C412900C47B68 /* StudentsSchedulerApp.swift in Sources */ = {isa = PBXBuildFile; fileRef = 7611806A297C412900C47B68 /* StudentsSchedulerApp.swift */; };
		7611806F297C412B00C47B68 /* Assets.xcassets in Resources */ = {isa = PBXBuildFile; fileRef = 7611806E297C412B00C47B68 /* Assets.xcassets */; };
		76118072297C412B00C47B68 /* Preview Assets.xcassets in Resources */ = {isa = PBXBuildFile; fileRef = 76118071297C412B00C47B68 /* Preview Assets.xcassets */; };
		7611807C297C412C00C47B68 /* StudentsSchedulerTests.swift in Sources */ = {isa = PBXBuildFile; fileRef = 7611807B297C412C00C47B68 /* StudentsSchedulerTests.swift */; };
		76118086297C412C00C47B68 /* StudentsSchedulerUITests.swift in Sources */ = {isa = PBXBuildFile; fileRef = 76118085297C412C00C47B68 /* StudentsSchedulerUITests.swift */; };
		76118088297C412C00C47B68 /* StudentsSchedulerUITestsLaunchTests.swift in Sources */ = {isa = PBXBuildFile; fileRef = 76118087297C412C00C47B68 /* StudentsSchedulerUITestsLaunchTests.swift */; };
		76118098297C46C000C47B68 /* UserModel.swift in Sources */ = {isa = PBXBuildFile; fileRef = 76118097297C46C000C47B68 /* UserModel.swift */; };
		7643187B297D8F4E00D91DC8 /* CourseModel.swift in Sources */ = {isa = PBXBuildFile; fileRef = 7643187A297D8F4E00D91DC8 /* CourseModel.swift */; };
		7643187D297D902E00D91DC8 /* CourseAssetsModel.swift in Sources */ = {isa = PBXBuildFile; fileRef = 7643187C297D902E00D91DC8 /* CourseAssetsModel.swift */; };
/* End PBXBuildFile section */

/* Begin PBXContainerItemProxy section */
		76118078297C412C00C47B68 /* PBXContainerItemProxy */ = {
			isa = PBXContainerItemProxy;
			containerPortal = 7611805F297C412900C47B68 /* Project object */;
			proxyType = 1;
			remoteGlobalIDString = 76118066297C412900C47B68;
			remoteInfo = StudentsScheduler;
		};
		76118082297C412C00C47B68 /* PBXContainerItemProxy */ = {
			isa = PBXContainerItemProxy;
			containerPortal = 7611805F297C412900C47B68 /* Project object */;
			proxyType = 1;
			remoteGlobalIDString = 76118066297C412900C47B68;
			remoteInfo = StudentsScheduler;
		};
/* End PBXContainerItemProxy section */

/* Begin PBXFileReference section */
		76014A0829BDC26400631C87 /* NotificationsModel.swift */ = {isa = PBXFileReference; lastKnownFileType = sourcecode.swift; path = NotificationsModel.swift; sourceTree = "<group>"; };
		76118067297C412900C47B68 /* StudentsScheduler.app */ = {isa = PBXFileReference; explicitFileType = wrapper.application; includeInIndex = 0; path = StudentsScheduler.app; sourceTree = BUILT_PRODUCTS_DIR; };
		7611806A297C412900C47B68 /* StudentsSchedulerApp.swift */ = {isa = PBXFileReference; lastKnownFileType = sourcecode.swift; path = StudentsSchedulerApp.swift; sourceTree = "<group>"; };
		7611806E297C412B00C47B68 /* Assets.xcassets */ = {isa = PBXFileReference; lastKnownFileType = folder.assetcatalog; path = Assets.xcassets; sourceTree = "<group>"; };
		76118071297C412B00C47B68 /* Preview Assets.xcassets */ = {isa = PBXFileReference; lastKnownFileType = folder.assetcatalog; path = "Preview Assets.xcassets"; sourceTree = "<group>"; };
		76118077297C412C00C47B68 /* StudentsSchedulerTests.xctest */ = {isa = PBXFileReference; explicitFileType = wrapper.cfbundle; includeInIndex = 0; path = StudentsSchedulerTests.xctest; sourceTree = BUILT_PRODUCTS_DIR; };
		7611807B297C412C00C47B68 /* StudentsSchedulerTests.swift */ = {isa = PBXFileReference; lastKnownFileType = sourcecode.swift; path = StudentsSchedulerTests.swift; sourceTree = "<group>"; };
		76118081297C412C00C47B68 /* StudentsSchedulerUITests.xctest */ = {isa = PBXFileReference; explicitFileType = wrapper.cfbundle; includeInIndex = 0; path = StudentsSchedulerUITests.xctest; sourceTree = BUILT_PRODUCTS_DIR; };
		76118085297C412C00C47B68 /* StudentsSchedulerUITests.swift */ = {isa = PBXFileReference; lastKnownFileType = sourcecode.swift; path = StudentsSchedulerUITests.swift; sourceTree = "<group>"; };
		76118087297C412C00C47B68 /* StudentsSchedulerUITestsLaunchTests.swift */ = {isa = PBXFileReference; lastKnownFileType = sourcecode.swift; path = StudentsSchedulerUITestsLaunchTests.swift; sourceTree = "<group>"; };
		76118097297C46C000C47B68 /* UserModel.swift */ = {isa = PBXFileReference; lastKnownFileType = sourcecode.swift; path = UserModel.swift; sourceTree = "<group>"; };
		7643187A297D8F4E00D91DC8 /* CourseModel.swift */ = {isa = PBXFileReference; lastKnownFileType = sourcecode.swift; path = CourseModel.swift; sourceTree = "<group>"; };
		7643187C297D902E00D91DC8 /* CourseAssetsModel.swift */ = {isa = PBXFileReference; lastKnownFileType = sourcecode.swift; path = CourseAssetsModel.swift; sourceTree = "<group>"; };
/* End PBXFileReference section */

/* Begin PBXFrameworksBuildPhase section */
		76118064297C412900C47B68 /* Frameworks */ = {
			isa = PBXFrameworksBuildPhase;
			buildActionMask = 2147483647;
			files = (
			);
			runOnlyForDeploymentPostprocessing = 0;
		};
		76118074297C412C00C47B68 /* Frameworks */ = {
			isa = PBXFrameworksBuildPhase;
			buildActionMask = 2147483647;
			files = (
			);
			runOnlyForDeploymentPostprocessing = 0;
		};
		7611807E297C412C00C47B68 /* Frameworks */ = {
			isa = PBXFrameworksBuildPhase;
			buildActionMask = 2147483647;
			files = (
			);
			runOnlyForDeploymentPostprocessing = 0;
		};
/* End PBXFrameworksBuildPhase section */

/* Begin PBXGroup section */
		7611805E297C412900C47B68 = {
			isa = PBXGroup;
			children = (
				76118069297C412900C47B68 /* StudentsScheduler */,
				7611807A297C412C00C47B68 /* StudentsSchedulerTests */,
				76118084297C412C00C47B68 /* StudentsSchedulerUITests */,
				76118068297C412900C47B68 /* Products */,
			);
			sourceTree = "<group>";
		};
		76118068297C412900C47B68 /* Products */ = {
			isa = PBXGroup;
			children = (
				76118067297C412900C47B68 /* StudentsScheduler.app */,
				76118077297C412C00C47B68 /* StudentsSchedulerTests.xctest */,
				76118081297C412C00C47B68 /* StudentsSchedulerUITests.xctest */,
			);
			name = Products;
			sourceTree = "<group>";
		};
		76118069297C412900C47B68 /* StudentsScheduler */ = {
			isa = PBXGroup;
			children = (
				76118096297C426700C47B68 /* ViewModels */,
				76118095297C426100C47B68 /* Views */,
				76118094297C425800C47B68 /* Models */,
				7611806A297C412900C47B68 /* StudentsSchedulerApp.swift */,
				7611806E297C412B00C47B68 /* Assets.xcassets */,
				76118070297C412B00C47B68 /* Preview Content */,
			);
			path = StudentsScheduler;
			sourceTree = "<group>";
		};
		76118070297C412B00C47B68 /* Preview Content */ = {
			isa = PBXGroup;
			children = (
				76118071297C412B00C47B68 /* Preview Assets.xcassets */,
			);
			path = "Preview Content";
			sourceTree = "<group>";
		};
		7611807A297C412C00C47B68 /* StudentsSchedulerTests */ = {
			isa = PBXGroup;
			children = (
				7611807B297C412C00C47B68 /* StudentsSchedulerTests.swift */,
			);
			path = StudentsSchedulerTests;
			sourceTree = "<group>";
		};
		76118084297C412C00C47B68 /* StudentsSchedulerUITests */ = {
			isa = PBXGroup;
			children = (
				76118085297C412C00C47B68 /* StudentsSchedulerUITests.swift */,
				76118087297C412C00C47B68 /* StudentsSchedulerUITestsLaunchTests.swift */,
			);
			path = StudentsSchedulerUITests;
			sourceTree = "<group>";
		};
		76118094297C425800C47B68 /* Models */ = {
			isa = PBXGroup;
			children = (
				76118097297C46C000C47B68 /* UserModel.swift */,
				7643187A297D8F4E00D91DC8 /* CourseModel.swift */,
				7643187C297D902E00D91DC8 /* CourseAssetsModel.swift */,
				76014A0829BDC26400631C87 /* NotificationsModel.swift */,
			);
			path = Models;
			sourceTree = "<group>";
		};
		76118095297C426100C47B68 /* Views */ = {
			isa = PBXGroup;
			children = (
			);
			path = Views;
			sourceTree = "<group>";
		};
		76118096297C426700C47B68 /* ViewModels */ = {
			isa = PBXGroup;
			children = (
			);
			path = ViewModels;
			sourceTree = "<group>";
		};
/* End PBXGroup section */

/* Begin PBXNativeTarget section */
		76118066297C412900C47B68 /* StudentsScheduler */ = {
			isa = PBXNativeTarget;
			buildConfigurationList = 7611808B297C412C00C47B68 /* Build configuration list for PBXNativeTarget "StudentsScheduler" */;
			buildPhases = (
				76118063297C412900C47B68 /* Sources */,
				76118064297C412900C47B68 /* Frameworks */,
				76118065297C412900C47B68 /* Resources */,
			);
			buildRules = (
			);
			dependencies = (
			);
			name = StudentsScheduler;
			productName = StudentsScheduler;
			productReference = 76118067297C412900C47B68 /* StudentsScheduler.app */;
			productType = "com.apple.product-type.application";
		};
		76118076297C412C00C47B68 /* StudentsSchedulerTests */ = {
			isa = PBXNativeTarget;
			buildConfigurationList = 7611808E297C412C00C47B68 /* Build configuration list for PBXNativeTarget "StudentsSchedulerTests" */;
			buildPhases = (
				76118073297C412C00C47B68 /* Sources */,
				76118074297C412C00C47B68 /* Frameworks */,
				76118075297C412C00C47B68 /* Resources */,
			);
			buildRules = (
			);
			dependencies = (
				76118079297C412C00C47B68 /* PBXTargetDependency */,
			);
			name = StudentsSchedulerTests;
			productName = StudentsSchedulerTests;
			productReference = 76118077297C412C00C47B68 /* StudentsSchedulerTests.xctest */;
			productType = "com.apple.product-type.bundle.unit-test";
		};
		76118080297C412C00C47B68 /* StudentsSchedulerUITests */ = {
			isa = PBXNativeTarget;
			buildConfigurationList = 76118091297C412C00C47B68 /* Build configuration list for PBXNativeTarget "StudentsSchedulerUITests" */;
			buildPhases = (
				7611807D297C412C00C47B68 /* Sources */,
				7611807E297C412C00C47B68 /* Frameworks */,
				7611807F297C412C00C47B68 /* Resources */,
			);
			buildRules = (
			);
			dependencies = (
				76118083297C412C00C47B68 /* PBXTargetDependency */,
			);
			name = StudentsSchedulerUITests;
			productName = StudentsSchedulerUITests;
			productReference = 76118081297C412C00C47B68 /* StudentsSchedulerUITests.xctest */;
			productType = "com.apple.product-type.bundle.ui-testing";
		};
/* End PBXNativeTarget section */

/* Begin PBXProject section */
		7611805F297C412900C47B68 /* Project object */ = {
			isa = PBXProject;
			attributes = {
				BuildIndependentTargetsInParallel = 1;
				LastSwiftUpdateCheck = 1400;
				LastUpgradeCheck = 1400;
				TargetAttributes = {
					76118066297C412900C47B68 = {
						CreatedOnToolsVersion = 14.0;
					};
					76118076297C412C00C47B68 = {
						CreatedOnToolsVersion = 14.0;
						TestTargetID = 76118066297C412900C47B68;
					};
					76118080297C412C00C47B68 = {
						CreatedOnToolsVersion = 14.0;
						TestTargetID = 76118066297C412900C47B68;
					};
				};
			};
			buildConfigurationList = 76118062297C412900C47B68 /* Build configuration list for PBXProject "StudentsScheduler" */;
			compatibilityVersion = "Xcode 14.0";
			developmentRegion = en;
			hasScannedForEncodings = 0;
			knownRegions = (
				en,
				Base,
			);
			mainGroup = 7611805E297C412900C47B68;
			productRefGroup = 76118068297C412900C47B68 /* Products */;
			projectDirPath = "";
			projectRoot = "";
			targets = (
				76118066297C412900C47B68 /* StudentsScheduler */,
				76118076297C412C00C47B68 /* StudentsSchedulerTests */,
				76118080297C412C00C47B68 /* StudentsSchedulerUITests */,
			);
		};
/* End PBXProject section */

/* Begin PBXResourcesBuildPhase section */
		76118065297C412900C47B68 /* Resources */ = {
			isa = PBXResourcesBuildPhase;
			buildActionMask = 2147483647;
			files = (
				76118072297C412B00C47B68 /* Preview Assets.xcassets in Resources */,
				7611806F297C412B00C47B68 /* Assets.xcassets in Resources */,
			);
			runOnlyForDeploymentPostprocessing = 0;
		};
		76118075297C412C00C47B68 /* Resources */ = {
			isa = PBXResourcesBuildPhase;
			buildActionMask = 2147483647;
			files = (
			);
			runOnlyForDeploymentPostprocessing = 0;
		};
		7611807F297C412C00C47B68 /* Resources */ = {
			isa = PBXResourcesBuildPhase;
			buildActionMask = 2147483647;
			files = (
			);
			runOnlyForDeploymentPostprocessing = 0;
		};
/* End PBXResourcesBuildPhase section */

/* Begin PBXSourcesBuildPhase section */
		76118063297C412900C47B68 /* Sources */ = {
			isa = PBXSourcesBuildPhase;
			buildActionMask = 2147483647;
			files = (
				7643187D297D902E00D91DC8 /* CourseAssetsModel.swift in Sources */,
				7643187B297D8F4E00D91DC8 /* CourseModel.swift in Sources */,
				76014A0929BDC26400631C87 /* NotificationsModel.swift in Sources */,
				76118098297C46C000C47B68 /* UserModel.swift in Sources */,
				7611806B297C412900C47B68 /* StudentsSchedulerApp.swift in Sources */,
			);
			runOnlyForDeploymentPostprocessing = 0;
		};
		76118073297C412C00C47B68 /* Sources */ = {
			isa = PBXSourcesBuildPhase;
			buildActionMask = 2147483647;
			files = (
				7611807C297C412C00C47B68 /* StudentsSchedulerTests.swift in Sources */,
			);
			runOnlyForDeploymentPostprocessing = 0;
		};
		7611807D297C412C00C47B68 /* Sources */ = {
			isa = PBXSourcesBuildPhase;
			buildActionMask = 2147483647;
			files = (
				76118088297C412C00C47B68 /* StudentsSchedulerUITestsLaunchTests.swift in Sources */,
				76118086297C412C00C47B68 /* StudentsSchedulerUITests.swift in Sources */,
			);
			runOnlyForDeploymentPostprocessing = 0;
		};
/* End PBXSourcesBuildPhase section */

/* Begin PBXTargetDependency section */
		76118079297C412C00C47B68 /* PBXTargetDependency */ = {
			isa = PBXTargetDependency;
			target = 76118066297C412900C47B68 /* StudentsScheduler */;
			targetProxy = 76118078297C412C00C47B68 /* PBXContainerItemProxy */;
		};
		76118083297C412C00C47B68 /* PBXTargetDependency */ = {
			isa = PBXTargetDependency;
			target = 76118066297C412900C47B68 /* StudentsScheduler */;
			targetProxy = 76118082297C412C00C47B68 /* PBXContainerItemProxy */;
		};
/* End PBXTargetDependency section */

/* Begin XCBuildConfiguration section */
		76118089297C412C00C47B68 /* Debug */ = {
			isa = XCBuildConfiguration;
			buildSettings = {
				ALWAYS_SEARCH_USER_PATHS = NO;
				CLANG_ANALYZER_NONNULL = YES;
				CLANG_ANALYZER_NUMBER_OBJECT_CONVERSION = YES_AGGRESSIVE;
				CLANG_CXX_LANGUAGE_STANDARD = "gnu++20";
				CLANG_ENABLE_MODULES = YES;
				CLANG_ENABLE_OBJC_ARC = YES;
				CLANG_ENABLE_OBJC_WEAK = YES;
				CLANG_WARN_BLOCK_CAPTURE_AUTORELEASING = YES;
				CLANG_WARN_BOOL_CONVERSION = YES;
				CLANG_WARN_COMMA = YES;
				CLANG_WARN_CONSTANT_CONVERSION = YES;
				CLANG_WARN_DEPRECATED_OBJC_IMPLEMENTATIONS = YES;
				CLANG_WARN_DIRECT_OBJC_ISA_USAGE = YES_ERROR;
				CLANG_WARN_DOCUMENTATION_COMMENTS = YES;
				CLANG_WARN_EMPTY_BODY = YES;
				CLANG_WARN_ENUM_CONVERSION = YES;
				CLANG_WARN_INFINITE_RECURSION = YES;
				CLANG_WARN_INT_CONVERSION = YES;
				CLANG_WARN_NON_LITERAL_NULL_CONVERSION = YES;
				CLANG_WARN_OBJC_IMPLICIT_RETAIN_SELF = YES;
				CLANG_WARN_OBJC_LITERAL_CONVERSION = YES;
				CLANG_WARN_OBJC_ROOT_CLASS = YES_ERROR;
				CLANG_WARN_QUOTED_INCLUDE_IN_FRAMEWORK_HEADER = YES;
				CLANG_WARN_RANGE_LOOP_ANALYSIS = YES;
				CLANG_WARN_STRICT_PROTOTYPES = YES;
				CLANG_WARN_SUSPICIOUS_MOVE = YES;
				CLANG_WARN_UNGUARDED_AVAILABILITY = YES_AGGRESSIVE;
				CLANG_WARN_UNREACHABLE_CODE = YES;
				CLANG_WARN__DUPLICATE_METHOD_MATCH = YES;
				COPY_PHASE_STRIP = NO;
				DEBUG_INFORMATION_FORMAT = dwarf;
				ENABLE_STRICT_OBJC_MSGSEND = YES;
				ENABLE_TESTABILITY = YES;
				GCC_C_LANGUAGE_STANDARD = gnu11;
				GCC_DYNAMIC_NO_PIC = NO;
				GCC_NO_COMMON_BLOCKS = YES;
				GCC_OPTIMIZATION_LEVEL = 0;
				GCC_PREPROCESSOR_DEFINITIONS = (
					"DEBUG=1",
					"$(inherited)",
				);
				GCC_WARN_64_TO_32_BIT_CONVERSION = YES;
				GCC_WARN_ABOUT_RETURN_TYPE = YES_ERROR;
				GCC_WARN_UNDECLARED_SELECTOR = YES;
				GCC_WARN_UNINITIALIZED_AUTOS = YES_AGGRESSIVE;
				GCC_WARN_UNUSED_FUNCTION = YES;
				GCC_WARN_UNUSED_VARIABLE = YES;
				IPHONEOS_DEPLOYMENT_TARGET = 16.0;
				MTL_ENABLE_DEBUG_INFO = INCLUDE_SOURCE;
				MTL_FAST_MATH = YES;
				ONLY_ACTIVE_ARCH = YES;
				SDKROOT = iphoneos;
				SWIFT_ACTIVE_COMPILATION_CONDITIONS = DEBUG;
				SWIFT_OPTIMIZATION_LEVEL = "-Onone";
			};
			name = Debug;
		};
		7611808A297C412C00C47B68 /* Release */ = {
			isa = XCBuildConfiguration;
			buildSettings = {
				ALWAYS_SEARCH_USER_PATHS = NO;
				CLANG_ANALYZER_NONNULL = YES;
				CLANG_ANALYZER_NUMBER_OBJECT_CONVERSION = YES_AGGRESSIVE;
				CLANG_CXX_LANGUAGE_STANDARD = "gnu++20";
				CLANG_ENABLE_MODULES = YES;
				CLANG_ENABLE_OBJC_ARC = YES;
				CLANG_ENABLE_OBJC_WEAK = YES;
				CLANG_WARN_BLOCK_CAPTURE_AUTORELEASING = YES;
				CLANG_WARN_BOOL_CONVERSION = YES;
				CLANG_WARN_COMMA = YES;
				CLANG_WARN_CONSTANT_CONVERSION = YES;
				CLANG_WARN_DEPRECATED_OBJC_IMPLEMENTATIONS = YES;
				CLANG_WARN_DIRECT_OBJC_ISA_USAGE = YES_ERROR;
				CLANG_WARN_DOCUMENTATION_COMMENTS = YES;
				CLANG_WARN_EMPTY_BODY = YES;
				CLANG_WARN_ENUM_CONVERSION = YES;
				CLANG_WARN_INFINITE_RECURSION = YES;
				CLANG_WARN_INT_CONVERSION = YES;
				CLANG_WARN_NON_LITERAL_NULL_CONVERSION = YES;
				CLANG_WARN_OBJC_IMPLICIT_RETAIN_SELF = YES;
				CLANG_WARN_OBJC_LITERAL_CONVERSION = YES;
				CLANG_WARN_OBJC_ROOT_CLASS = YES_ERROR;
				CLANG_WARN_QUOTED_INCLUDE_IN_FRAMEWORK_HEADER = YES;
				CLANG_WARN_RANGE_LOOP_ANALYSIS = YES;
				CLANG_WARN_STRICT_PROTOTYPES = YES;
				CLANG_WARN_SUSPICIOUS_MOVE = YES;
				CLANG_WARN_UNGUARDED_AVAILABILITY = YES_AGGRESSIVE;
				CLANG_WARN_UNREACHABLE_CODE = YES;
				CLANG_WARN__DUPLICATE_METHOD_MATCH = YES;
				COPY_PHASE_STRIP = NO;
				DEBUG_INFORMATION_FORMAT = "dwarf-with-dsym";
				ENABLE_NS_ASSERTIONS = NO;
				ENABLE_STRICT_OBJC_MSGSEND = YES;
				GCC_C_LANGUAGE_STANDARD = gnu11;
				GCC_NO_COMMON_BLOCKS = YES;
				GCC_WARN_64_TO_32_BIT_CONVERSION = YES;
				GCC_WARN_ABOUT_RETURN_TYPE = YES_ERROR;
				GCC_WARN_UNDECLARED_SELECTOR = YES;
				GCC_WARN_UNINITIALIZED_AUTOS = YES_AGGRESSIVE;
				GCC_WARN_UNUSED_FUNCTION = YES;
				GCC_WARN_UNUSED_VARIABLE = YES;
				IPHONEOS_DEPLOYMENT_TARGET = 16.0;
				MTL_ENABLE_DEBUG_INFO = NO;
				MTL_FAST_MATH = YES;
				SDKROOT = iphoneos;
				SWIFT_COMPILATION_MODE = wholemodule;
				SWIFT_OPTIMIZATION_LEVEL = "-O";
				VALIDATE_PRODUCT = YES;
			};
			name = Release;
		};
		7611808C297C412C00C47B68 /* Debug */ = {
			isa = XCBuildConfiguration;
			buildSettings = {
				ASSETCATALOG_COMPILER_APPICON_NAME = AppIcon;
				ASSETCATALOG_COMPILER_GLOBAL_ACCENT_COLOR_NAME = AccentColor;
				CODE_SIGN_STYLE = Automatic;
				CURRENT_PROJECT_VERSION = 1;
				DEVELOPMENT_ASSET_PATHS = "\"StudentsScheduler/Preview Content\"";
				ENABLE_PREVIEWS = YES;
				GENERATE_INFOPLIST_FILE = YES;
				INFOPLIST_KEY_UIApplicationSceneManifest_Generation = YES;
				INFOPLIST_KEY_UIApplicationSupportsIndirectInputEvents = YES;
				INFOPLIST_KEY_UILaunchScreen_Generation = YES;
				INFOPLIST_KEY_UISupportedInterfaceOrientations_iPad = "UIInterfaceOrientationPortrait UIInterfaceOrientationPortraitUpsideDown UIInterfaceOrientationLandscapeLeft UIInterfaceOrientationLandscapeRight";
				INFOPLIST_KEY_UISupportedInterfaceOrientations_iPhone = "UIInterfaceOrientationPortrait UIInterfaceOrientationLandscapeLeft UIInterfaceOrientationLandscapeRight";
				LD_RUNPATH_SEARCH_PATHS = (
					"$(inherited)",
					"@executable_path/Frameworks",
				);
				MARKETING_VERSION = 1.0;
				PRODUCT_BUNDLE_IDENTIFIER = com.licenta.StudentsScheduler;
				PRODUCT_NAME = "$(TARGET_NAME)";
				SWIFT_EMIT_LOC_STRINGS = YES;
				SWIFT_VERSION = 5.0;
				TARGETED_DEVICE_FAMILY = "1,2";
			};
			name = Debug;
		};
		7611808D297C412C00C47B68 /* Release */ = {
			isa = XCBuildConfiguration;
			buildSettings = {
				ASSETCATALOG_COMPILER_APPICON_NAME = AppIcon;
				ASSETCATALOG_COMPILER_GLOBAL_ACCENT_COLOR_NAME = AccentColor;
				CODE_SIGN_STYLE = Automatic;
				CURRENT_PROJECT_VERSION = 1;
				DEVELOPMENT_ASSET_PATHS = "\"StudentsScheduler/Preview Content\"";
				ENABLE_PREVIEWS = YES;
				GENERATE_INFOPLIST_FILE = YES;
				INFOPLIST_KEY_UIApplicationSceneManifest_Generation = YES;
				INFOPLIST_KEY_UIApplicationSupportsIndirectInputEvents = YES;
				INFOPLIST_KEY_UILaunchScreen_Generation = YES;
				INFOPLIST_KEY_UISupportedInterfaceOrientations_iPad = "UIInterfaceOrientationPortrait UIInterfaceOrientationPortraitUpsideDown UIInterfaceOrientationLandscapeLeft UIInterfaceOrientationLandscapeRight";
				INFOPLIST_KEY_UISupportedInterfaceOrientations_iPhone = "UIInterfaceOrientationPortrait UIInterfaceOrientationLandscapeLeft UIInterfaceOrientationLandscapeRight";
				LD_RUNPATH_SEARCH_PATHS = (
					"$(inherited)",
					"@executable_path/Frameworks",
				);
				MARKETING_VERSION = 1.0;
				PRODUCT_BUNDLE_IDENTIFIER = com.licenta.StudentsScheduler;
				PRODUCT_NAME = "$(TARGET_NAME)";
				SWIFT_EMIT_LOC_STRINGS = YES;
				SWIFT_VERSION = 5.0;
				TARGETED_DEVICE_FAMILY = "1,2";
			};
			name = Release;
		};
		7611808F297C412C00C47B68 /* Debug */ = {
			isa = XCBuildConfiguration;
			buildSettings = {
				ALWAYS_EMBED_SWIFT_STANDARD_LIBRARIES = YES;
				BUNDLE_LOADER = "$(TEST_HOST)";
				CODE_SIGN_STYLE = Automatic;
				CURRENT_PROJECT_VERSION = 1;
				GENERATE_INFOPLIST_FILE = YES;
				IPHONEOS_DEPLOYMENT_TARGET = 16.0;
				MARKETING_VERSION = 1.0;
				PRODUCT_BUNDLE_IDENTIFIER = com.licenta.StudentsSchedulerTests;
				PRODUCT_NAME = "$(TARGET_NAME)";
				SWIFT_EMIT_LOC_STRINGS = NO;
				SWIFT_VERSION = 5.0;
				TARGETED_DEVICE_FAMILY = "1,2";
				TEST_HOST = "$(BUILT_PRODUCTS_DIR)/StudentsScheduler.app/$(BUNDLE_EXECUTABLE_FOLDER_PATH)/StudentsScheduler";
			};
			name = Debug;
		};
		76118090297C412C00C47B68 /* Release */ = {
			isa = XCBuildConfiguration;
			buildSettings = {
				ALWAYS_EMBED_SWIFT_STANDARD_LIBRARIES = YES;
				BUNDLE_LOADER = "$(TEST_HOST)";
				CODE_SIGN_STYLE = Automatic;
				CURRENT_PROJECT_VERSION = 1;
				GENERATE_INFOPLIST_FILE = YES;
				IPHONEOS_DEPLOYMENT_TARGET = 16.0;
				MARKETING_VERSION = 1.0;
				PRODUCT_BUNDLE_IDENTIFIER = com.licenta.StudentsSchedulerTests;
				PRODUCT_NAME = "$(TARGET_NAME)";
				SWIFT_EMIT_LOC_STRINGS = NO;
				SWIFT_VERSION = 5.0;
				TARGETED_DEVICE_FAMILY = "1,2";
				TEST_HOST = "$(BUILT_PRODUCTS_DIR)/StudentsScheduler.app/$(BUNDLE_EXECUTABLE_FOLDER_PATH)/StudentsScheduler";
			};
			name = Release;
		};
		76118092297C412C00C47B68 /* Debug */ = {
			isa = XCBuildConfiguration;
			buildSettings = {
				ALWAYS_EMBED_SWIFT_STANDARD_LIBRARIES = YES;
				CODE_SIGN_STYLE = Automatic;
				CURRENT_PROJECT_VERSION = 1;
				GENERATE_INFOPLIST_FILE = YES;
				MARKETING_VERSION = 1.0;
				PRODUCT_BUNDLE_IDENTIFIER = com.licenta.StudentsSchedulerUITests;
				PRODUCT_NAME = "$(TARGET_NAME)";
				SWIFT_EMIT_LOC_STRINGS = NO;
				SWIFT_VERSION = 5.0;
				TARGETED_DEVICE_FAMILY = "1,2";
				TEST_TARGET_NAME = StudentsScheduler;
			};
			name = Debug;
		};
		76118093297C412C00C47B68 /* Release */ = {
			isa = XCBuildConfiguration;
			buildSettings = {
				ALWAYS_EMBED_SWIFT_STANDARD_LIBRARIES = YES;
				CODE_SIGN_STYLE = Automatic;
				CURRENT_PROJECT_VERSION = 1;
				GENERATE_INFOPLIST_FILE = YES;
				MARKETING_VERSION = 1.0;
				PRODUCT_BUNDLE_IDENTIFIER = com.licenta.StudentsSchedulerUITests;
				PRODUCT_NAME = "$(TARGET_NAME)";
				SWIFT_EMIT_LOC_STRINGS = NO;
				SWIFT_VERSION = 5.0;
				TARGETED_DEVICE_FAMILY = "1,2";
				TEST_TARGET_NAME = StudentsScheduler;
			};
			name = Release;
		};
/* End XCBuildConfiguration section */

/* Begin XCConfigurationList section */
		76118062297C412900C47B68 /* Build configuration list for PBXProject "StudentsScheduler" */ = {
			isa = XCConfigurationList;
			buildConfigurations = (
				76118089297C412C00C47B68 /* Debug */,
				7611808A297C412C00C47B68 /* Release */,
			);
			defaultConfigurationIsVisible = 0;
			defaultConfigurationName = Release;
		};
		7611808B297C412C00C47B68 /* Build configuration list for PBXNativeTarget "StudentsScheduler" */ = {
			isa = XCConfigurationList;
			buildConfigurations = (
				7611808C297C412C00C47B68 /* Debug */,
				7611808D297C412C00C47B68 /* Release */,
			);
			defaultConfigurationIsVisible = 0;
			defaultConfigurationName = Release;
		};
		7611808E297C412C00C47B68 /* Build configuration list for PBXNativeTarget "StudentsSchedulerTests" */ = {
			isa = XCConfigurationList;
			buildConfigurations = (
				7611808F297C412C00C47B68 /* Debug */,
				76118090297C412C00C47B68 /* Release */,
			);
			defaultConfigurationIsVisible = 0;
			defaultConfigurationName = Release;
		};
		76118091297C412C00C47B68 /* Build configuration list for PBXNativeTarget "StudentsSchedulerUITests" */ = {
			isa = XCConfigurationList;
			buildConfigurations = (
				76118092297C412C00C47B68 /* Debug */,
				76118093297C412C00C47B68 /* Release */,
			);
			defaultConfigurationIsVisible = 0;
			defaultConfigurationName = Release;
		};
/* End XCConfigurationList section */
	};
	rootObject = 7611805F297C412900C47B68 /* Project object */;
}
